
Microsoft Visual Studio Solution File, Format Version 12.00
# Visual Studio Version 17
VisualStudioVersion = 17.9.34728.123
MinimumVisualStudioVersion = 10.0.40219.1
Project("{FAE04EC0-301F-11D3-BF4B-00C04F79EFBC}") = "projectCpp", "projectCpp\projectCpp.csproj", "{A609BB43-E1BB-4834-9AF9-B1722D92733E}"
EndProject
Global
	GlobalSection(SolutionConfigurationPlatforms) = preSolution
		Debug|Any CPU = Debug|Any CPU
		Release|Any CPU = Release|Any CPU
	EndGlobalSection
	GlobalSection(ProjectConfigurationPlatforms) = postSolution
		{A609BB43-E1BB-4834-9AF9-B1722D92733E}.Debug|Any CPU.ActiveCfg = Debug|Any CPU
		{A609BB43-E1BB-4834-9AF9-B1722D92733E}.Debug|Any CPU.Build.0 = Debug|Any CPU
		{A609BB43-E1BB-4834-9AF9-B1722D92733E}.Release|Any CPU.ActiveCfg = Release|Any CPU
		{A609BB43-E1BB-4834-9AF9-B1722D92733E}.Release|Any CPU.Build.0 = Release|Any CPU
	EndGlobalSection
	GlobalSection(SolutionProperties) = preSolution
		HideSolutionNode = FALSE
	EndGlobalSection
	GlobalSection(ExtensibilityGlobals) = postSolution
		SolutionGuid = {5F02802B-939A-4C01-A255-E0E48A39D9B9}
	EndGlobalSection
EndGlobal
